
Microsoft Visual Studio Solution File, Format Version 12.00
# Visual Studio Version 17
VisualStudioVersion = 17.13.35919.96 d17.13
MinimumVisualStudioVersion = 10.0.40219.1
Project("{FAE04EC0-301F-11D3-BF4B-00C04F79EFBC}") = "CRUDConsola", "CRUDConsola\CRUDConsola.csproj", "{611A4EA7-17D8-4EB9-B8D0-D2A9CC3A0C6B}"
EndProject
Global
	GlobalSection(SolutionConfigurationPlatforms) = preSolution
		Debug|Any CPU = Debug|Any CPU
		Release|Any CPU = Release|Any CPU
	EndGlobalSection
	GlobalSection(ProjectConfigurationPlatforms) = postSolution
		{611A4EA7-17D8-4EB9-B8D0-D2A9CC3A0C6B}.Debug|Any CPU.ActiveCfg = Debug|Any CPU
		{611A4EA7-17D8-4EB9-B8D0-D2A9CC3A0C6B}.Debug|Any CPU.Build.0 = Debug|Any CPU
		{611A4EA7-17D8-4EB9-B8D0-D2A9CC3A0C6B}.Release|Any CPU.ActiveCfg = Release|Any CPU
		{611A4EA7-17D8-4EB9-B8D0-D2A9CC3A0C6B}.Release|Any CPU.Build.0 = Release|Any CPU
	EndGlobalSection
	GlobalSection(SolutionProperties) = preSolution
		HideSolutionNode = FALSE
	EndGlobalSection
	GlobalSection(ExtensibilityGlobals) = postSolution
		SolutionGuid = {D04FC93D-3E28-4B1B-A245-5F4014268A9C}
	EndGlobalSection
EndGlobal
